<?xml version="1.0" encoding="utf-8"?>
<Project ToolsVersion="4.0" xmlns="http://schemas.microsoft.com/developer/msbuild/2003">
  <ItemGroup>
    <Filter Include="Source Files">
      <UniqueIdentifier>{4FC737F1-C7A5-4376-A066-2A32D752A2FF}</UniqueIdentifier>
      <Extensions>cpp;c;cc;cxx;c++;cppm;ixx;def;odl;idl;hpj;bat;asm;asmx</Extensions>
    </Filter>
    <Filter Include="Header Files">
      <UniqueIdentifier>{93995380-89BD-4b04-88EB-625FBE52EBFB}</UniqueIdentifier>
      <Extensions>h;hh;hpp;hxx;h++;hm;inl;inc;ipp;xsd</Extensions>
    </Filter>
    <Filter Include="Resource Files">
      <UniqueIdentifier>{67DA6AB6-F800-4c08-8B7A-83BB121AAD01}</UniqueIdentifier>
      <Extensions>rc;ico;cur;bmp;dlg;rc2;rct;bin;rgs;gif;jpg;jpeg;jpe;resx;tiff;tif;png;wav;mfcribbon-ms</Extensions>
    </Filter>
    <Filter Include="Source Files\Visualizer">
      <UniqueIdentifier>{a203ffc9-ade9-4fd4-bc15-58aed2c61a28}</UniqueIdentifier>
    </Filter>
    <Filter Include="Source Files\Optimizer">
      <UniqueIdentifier>{a44c0d4b-9dd8-4667-919f-74a9b17d364d}</UniqueIdentifier>
    </Filter>
    <Filter Include="Source Files\NeuralLayer">
      <UniqueIdentifier>{52846b4d-46bc-4bef-baae-c6a0f40f520b}</UniqueIdentifier>
    </Filter>
    <Filter Include="Source Files\NeuralLayer\ShapeLayer">
      <UniqueIdentifier>{624e72ec-a7fe-424f-8282-3d6defb8dea5}</UniqueIdentifier>
    </Filter>
    <Filter Include="Source Files\NeuralLayer\PoolingLayer">
      <UniqueIdentifier>{94ae6863-47f4-430c-96c8-17618ca5cce3}</UniqueIdentifier>
    </Filter>
    <Filter Include="Source Files\NeuralLayer\ConvolutionLayer">
      <UniqueIdentifier>{641fc16e-9257-4251-8793-c7e80785aa40}</UniqueIdentifier>
    </Filter>
    <Filter Include="Source Files\LossFunction">
      <UniqueIdentifier>{e9afb811-5ed9-425f-b912-5eb8b556f6a9}</UniqueIdentifier>
    </Filter>
    <Filter Include="Source Files\ActivationFunction">
      <UniqueIdentifier>{c5ebab3d-bb09-40b4-a043-1d3165984879}</UniqueIdentifier>
    </Filter>
    <Filter Include="Header Files\ActivationFunction">
      <UniqueIdentifier>{5222e3df-5693-40b8-beed-9e0fdd2895c9}</UniqueIdentifier>
    </Filter>
    <Filter Include="Header Files\LossFunction">
      <UniqueIdentifier>{a80719e9-1051-4548-a08a-028feb5227ba}</UniqueIdentifier>
    </Filter>
    <Filter Include="Header Files\NeuralLayer">
      <UniqueIdentifier>{01842361-3e0d-49d1-ad39-835e9d38d4f7}</UniqueIdentifier>
    </Filter>
    <Filter Include="Header Files\Optimizer">
      <UniqueIdentifier>{08cc5b4c-3f81-42c8-b0ef-ab32c9ec5cab}</UniqueIdentifier>
    </Filter>
    <Filter Include="Header Files\Visualizer">
      <UniqueIdentifier>{02ed636f-a130-42a1-ba8e-c77de73db6d2}</UniqueIdentifier>
    </Filter>
    <Filter Include="Header Files\NeuralLayer\ConvolutionLayer">
      <UniqueIdentifier>{75cf33c2-7d4a-4c1c-b1a5-584d7aeeafbe}</UniqueIdentifier>
    </Filter>
    <Filter Include="Header Files\NeuralLayer\PoolingLayer">
      <UniqueIdentifier>{0604ffb9-4686-4720-a8e3-258bc8e252c7}</UniqueIdentifier>
    </Filter>
    <Filter Include="Header Files\NeuralLayer\ShapeLayer">
      <UniqueIdentifier>{d08459db-2ebb-4539-817d-705c02d01882}</UniqueIdentifier>
    </Filter>
  </ItemGroup>
  <ItemGroup>
    <ClCompile Include="src\NeuralNetwork.cpp">
      <Filter>Source Files</Filter>
    </ClCompile>
    <ClCompile Include="src\ParameterSet.cpp">
      <Filter>Source Files</Filter>
    </ClCompile>
    <ClCompile Include="src\Test.cpp">
      <Filter>Source Files</Filter>
    </ClCompile>
    <ClCompile Include="src\Visualizer\ClassifierVisualizer.cpp">
      <Filter>Source Files\Visualizer</Filter>
    </ClCompile>
    <ClCompile Include="src\Visualizer\FunctionVisualizer.cpp">
      <Filter>Source Files\Visualizer</Filter>
    </ClCompile>
    <ClCompile Include="src\Visualizer\ImageClassVisualizer.cpp">
      <Filter>Source Files\Visualizer</Filter>
    </ClCompile>
    <ClCompile Include="src\Visualizer\NetworkVisualizer.cpp">
      <Filter>Source Files\Visualizer</Filter>
    </ClCompile>
    <ClCompile Include="src\Optimizer\AdadeltaOptimizer.cpp">
      <Filter>Source Files\Optimizer</Filter>
    </ClCompile>
    <ClCompile Include="src\Optimizer\AdagradOptimizer.cpp">
      <Filter>Source Files\Optimizer</Filter>
    </ClCompile>
    <ClCompile Include="src\Optimizer\AdamaxOptimizer.cpp">
      <Filter>Source Files\Optimizer</Filter>
    </ClCompile>
    <ClCompile Include="src\Optimizer\AdamOptimizer.cpp">
      <Filter>Source Files\Optimizer</Filter>
    </ClCompile>
    <ClCompile Include="src\Optimizer\AMSGradOptimizer.cpp">
      <Filter>Source Files\Optimizer</Filter>
    </ClCompile>
    <ClCompile Include="src\Optimizer\FtrlOptimizer.cpp">
      <Filter>Source Files\Optimizer</Filter>
    </ClCompile>
    <ClCompile Include="src\Optimizer\NadamOptimizer.cpp">
      <Filter>Source Files\Optimizer</Filter>
    </ClCompile>
    <ClCompile Include="src\Optimizer\Optimizer.cpp">
      <Filter>Source Files\Optimizer</Filter>
    </ClCompile>
    <ClCompile Include="src\Optimizer\RMSPropOptimizer.cpp">
      <Filter>Source Files\Optimizer</Filter>
    </ClCompile>
    <ClCompile Include="src\Optimizer\RPropOptimizer.cpp">
      <Filter>Source Files\Optimizer</Filter>
    </ClCompile>
    <ClCompile Include="src\Optimizer\SGDOptimizer.cpp">
      <Filter>Source Files\Optimizer</Filter>
    </ClCompile>
    <ClCompile Include="src\NeuralLayer\ActivationFunctionNeuralLayer.cpp">
      <Filter>Source Files\NeuralLayer</Filter>
    </ClCompile>
    <ClCompile Include="src\NeuralLayer\DenseNeuralLayer.cpp">
      <Filter>Source Files\NeuralLayer</Filter>
    </ClCompile>
    <ClCompile Include="src\NeuralLayer\DropoutNeuralLayer.cpp">
      <Filter>Source Files\NeuralLayer</Filter>
    </ClCompile>
    <ClCompile Include="src\NeuralLayer\InputNeuralLayer.cpp">
      <Filter>Source Files\NeuralLayer</Filter>
    </ClCompile>
    <ClCompile Include="src\NeuralLayer\MaxoutNeuralLayer.cpp">
      <Filter>Source Files\NeuralLayer</Filter>
    </ClCompile>
    <ClCompile Include="src\NeuralLayer\NeuralLayer.cpp">
      <Filter>Source Files\NeuralLayer</Filter>
    </ClCompile>
    <ClCompile Include="src\NeuralLayer\ParameterizedNeuralLayer.cpp">
      <Filter>Source Files\NeuralLayer</Filter>
    </ClCompile>
    <ClCompile Include="src\NeuralLayer\SoftmaxNeuralLayer.cpp">
      <Filter>Source Files\NeuralLayer</Filter>
    </ClCompile>
    <ClCompile Include="src\NeuralLayer\ShapeLayer\FlattenNeuralLayer.cpp">
      <Filter>Source Files\NeuralLayer\ShapeLayer</Filter>
    </ClCompile>
    <ClCompile Include="src\NeuralLayer\ShapeLayer\ReshapeNeuralLayer.cpp">
      <Filter>Source Files\NeuralLayer\ShapeLayer</Filter>
    </ClCompile>
    <ClCompile Include="src\NeuralLayer\ShapeLayer\ShapeNeuralLayer.cpp">
      <Filter>Source Files\NeuralLayer\ShapeLayer</Filter>
    </ClCompile>
    <ClCompile Include="src\NeuralLayer\ShapeLayer\SqueezeNeuralLayer.cpp">
      <Filter>Source Files\NeuralLayer\ShapeLayer</Filter>
    </ClCompile>
    <ClCompile Include="src\NeuralLayer\PoolingLayer\Average1DNeuralLayer.cpp">
      <Filter>Source Files\NeuralLayer\PoolingLayer</Filter>
    </ClCompile>
    <ClCompile Include="src\NeuralLayer\PoolingLayer\Average2DNeuralLayer.cpp">
      <Filter>Source Files\NeuralLayer\PoolingLayer</Filter>
    </ClCompile>
    <ClCompile Include="src\NeuralLayer\PoolingLayer\Average3DNeuralLayer.cpp">
      <Filter>Source Files\NeuralLayer\PoolingLayer</Filter>
    </ClCompile>
    <ClCompile Include="src\NeuralLayer\PoolingLayer\MaxPooling1DNeuralLayer.cpp">
      <Filter>Source Files\NeuralLayer\PoolingLayer</Filter>
    </ClCompile>
    <ClCompile Include="src\NeuralLayer\PoolingLayer\MaxPooling2DNeuralLayer.cpp">
      <Filter>Source Files\NeuralLayer\PoolingLayer</Filter>
    </ClCompile>
    <ClCompile Include="src\NeuralLayer\PoolingLayer\MaxPooling3DNeuralLayer.cpp">
      <Filter>Source Files\NeuralLayer\PoolingLayer</Filter>
    </ClCompile>
    <ClCompile Include="src\NeuralLayer\PoolingLayer\PoolingNeuralLayer.cpp">
      <Filter>Source Files\NeuralLayer\PoolingLayer</Filter>
    </ClCompile>
    <ClCompile Include="src\NeuralLayer\ConvolutionLayer\Convolution1DNeuralLayer.cpp">
      <Filter>Source Files\NeuralLayer\ConvolutionLayer</Filter>
    </ClCompile>
    <ClCompile Include="src\NeuralLayer\ConvolutionLayer\Convolution2DNeuralLayer.cpp">
      <Filter>Source Files\NeuralLayer\ConvolutionLayer</Filter>
    </ClCompile>
    <ClCompile Include="src\NeuralLayer\ConvolutionLayer\Convolution3DNeuralLayer.cpp">
      <Filter>Source Files\NeuralLayer\ConvolutionLayer</Filter>
    </ClCompile>
    <ClCompile Include="src\NeuralLayer\ConvolutionLayer\ConvolutionNeuralLayer.cpp">
      <Filter>Source Files\NeuralLayer\ConvolutionLayer</Filter>
    </ClCompile>
    <ClCompile Include="src\LossFunction\CrossEntropyLossFunction.cpp">
      <Filter>Source Files\LossFunction</Filter>
    </ClCompile>
    <ClCompile Include="src\LossFunction\LossFunction.cpp">
      <Filter>Source Files\LossFunction</Filter>
    </ClCompile>
    <ClCompile Include="src\LossFunction\MeanSquareErrorLossFunction.cpp">
      <Filter>Source Files\LossFunction</Filter>
    </ClCompile>
    <ClCompile Include="src\ActivationFunction\AbsoluteReLUFunction.cpp">
      <Filter>Source Files\ActivationFunction</Filter>
    </ClCompile>
    <ClCompile Include="src\ActivationFunction\ActivationFunction.cpp">
      <Filter>Source Files\ActivationFunction</Filter>
    </ClCompile>
    <ClCompile Include="src\ActivationFunction\ActivationFunctionFactory.cpp">
      <Filter>Source Files\ActivationFunction</Filter>
    </ClCompile>
    <ClCompile Include="src\ActivationFunction\CReLUFunction.cpp">
      <Filter>Source Files\ActivationFunction</Filter>
    </ClCompile>
    <ClCompile Include="src\ActivationFunction\ELUFunction.cpp">
      <Filter>Source Files\ActivationFunction</Filter>
    </ClCompile>
    <ClCompile Include="src\ActivationFunction\ExponentialFunction.cpp">
      <Filter>Source Files\ActivationFunction</Filter>
    </ClCompile>
    <ClCompile Include="src\ActivationFunction\GELUFunction.cpp">
      <Filter>Source Files\ActivationFunction</Filter>
    </ClCompile>
    <ClCompile Include="src\ActivationFunction\HardSigmoidFunction.cpp">
      <Filter>Source Files\ActivationFunction</Filter>
    </ClCompile>
    <ClCompile Include="src\ActivationFunction\IdentityFunction.cpp">
      <Filter>Source Files\ActivationFunction</Filter>
    </ClCompile>
    <ClCompile Include="src\ActivationFunction\LeakyReLUFunction.cpp">
      <Filter>Source Files\ActivationFunction</Filter>
    </ClCompile>
    <ClCompile Include="src\ActivationFunction\PReLUFunction.cpp">
      <Filter>Source Files\ActivationFunction</Filter>
    </ClCompile>
    <ClCompile Include="src\ActivationFunction\QuadraticFunction.cpp">
      <Filter>Source Files\ActivationFunction</Filter>
    </ClCompile>
    <ClCompile Include="src\ActivationFunction\ReLU6Function.cpp">
      <Filter>Source Files\ActivationFunction</Filter>
    </ClCompile>
    <ClCompile Include="src\ActivationFunction\ReLUFunction.cpp">
      <Filter>Source Files\ActivationFunction</Filter>
    </ClCompile>
    <ClCompile Include="src\ActivationFunction\ReLUnFunction.cpp">
      <Filter>Source Files\ActivationFunction</Filter>
    </ClCompile>
    <ClCompile Include="src\ActivationFunction\SELUFunction.cpp">
      <Filter>Source Files\ActivationFunction</Filter>
    </ClCompile>
    <ClCompile Include="src\ActivationFunction\SigmoidFunction.cpp">
      <Filter>Source Files\ActivationFunction</Filter>
    </ClCompile>
    <ClCompile Include="src\ActivationFunction\SoftplusFunction.cpp">
      <Filter>Source Files\ActivationFunction</Filter>
    </ClCompile>
    <ClCompile Include="src\ActivationFunction\SoftsignFunction.cpp">
      <Filter>Source Files\ActivationFunction</Filter>
    </ClCompile>
    <ClCompile Include="src\ActivationFunction\SwishFunction.cpp">
      <Filter>Source Files\ActivationFunction</Filter>
    </ClCompile>
    <ClCompile Include="src\ActivationFunction\TanhFunction.cpp">
      <Filter>Source Files\ActivationFunction</Filter>
    </ClCompile>
  </ItemGroup>
  <ItemGroup>
    <ClInclude Include="hdr\NetworkExceptions.h">
      <Filter>Header Files</Filter>
    </ClInclude>
    <ClInclude Include="hdr\NeuralNetwork.h">
      <Filter>Header Files</Filter>
    </ClInclude>
    <ClInclude Include="hdr\NeuralNetworkFileHelper.h">
      <Filter>Header Files</Filter>
    </ClInclude>
    <ClInclude Include="hdr\ParameterSet.h">
      <Filter>Header Files</Filter>
    </ClInclude>
    <ClInclude Include="hdr\Test.h">
      <Filter>Header Files</Filter>
    </ClInclude>
    <ClInclude Include="hdr\Visualizer\ClassifierVisualizer.h">
      <Filter>Header Files\Visualizer</Filter>
    </ClInclude>
    <ClInclude Include="hdr\Visualizer\FunctionVisualizer.h">
      <Filter>Header Files\Visualizer</Filter>
    </ClInclude>
    <ClInclude Include="hdr\Visualizer\ImageClassVisualizer.h">
      <Filter>Header Files\Visualizer</Filter>
    </ClInclude>
    <ClInclude Include="hdr\Visualizer\NetworkVisualizer.h">
      <Filter>Header Files\Visualizer</Filter>
    </ClInclude>
    <ClInclude Include="hdr\NeuralLayer\DenseNeuralLayer.h">
      <Filter>Header Files\NeuralLayer</Filter>
    </ClInclude>
    <ClInclude Include="hdr\NeuralLayer\DropoutNeuralLayer.h">
      <Filter>Header Files\NeuralLayer</Filter>
    </ClInclude>
    <ClInclude Include="hdr\NeuralLayer\FlattenNeuralLayer.h">
      <Filter>Header Files\NeuralLayer</Filter>
    </ClInclude>
    <ClInclude Include="hdr\NeuralLayer\InputNeuralLayer.h">
      <Filter>Header Files\NeuralLayer</Filter>
    </ClInclude>
    <ClInclude Include="hdr\NeuralLayer\MaxoutNeuralLayer.h">
      <Filter>Header Files\NeuralLayer</Filter>
    </ClInclude>
    <ClInclude Include="hdr\NeuralLayer\NeuralLayer.h">
      <Filter>Header Files\NeuralLayer</Filter>
    </ClInclude>
    <ClInclude Include="hdr\NeuralLayer\ParameterizedNeuralLayer.h">
      <Filter>Header Files\NeuralLayer</Filter>
    </ClInclude>
    <ClInclude Include="hdr\NeuralLayer\SoftmaxNeuralLayer.h">
      <Filter>Header Files\NeuralLayer</Filter>
    </ClInclude>
    <ClInclude Include="hdr\NeuralLayer\PoolingLayer\AveragePooling1DNeuralLayer.h">
      <Filter>Header Files\NeuralLayer\PoolingLayer</Filter>
    </ClInclude>
    <ClInclude Include="hdr\NeuralLayer\PoolingLayer\AveragePooling2DNeuralLayer.h">
      <Filter>Header Files\NeuralLayer\PoolingLayer</Filter>
    </ClInclude>
    <ClInclude Include="hdr\NeuralLayer\PoolingLayer\AveragePooling3DNeuralLayer.h">
      <Filter>Header Files\NeuralLayer\PoolingLayer</Filter>
    </ClInclude>
    <ClInclude Include="hdr\NeuralLayer\PoolingLayer\MaxPooling1DNeuralLayer.h">
      <Filter>Header Files\NeuralLayer\PoolingLayer</Filter>
    </ClInclude>
    <ClInclude Include="hdr\NeuralLayer\PoolingLayer\MaxPooling2DNeuralLayer.h">
      <Filter>Header Files\NeuralLayer\PoolingLayer</Filter>
    </ClInclude>
    <ClInclude Include="hdr\NeuralLayer\PoolingLayer\MaxPooling3DNeuralLayer.h">
      <Filter>Header Files\NeuralLayer\PoolingLayer</Filter>
    </ClInclude>
    <ClInclude Include="hdr\NeuralLayer\PoolingLayer\PoolingNeuralLayer.h">
      <Filter>Header Files\NeuralLayer\PoolingLayer</Filter>
    </ClInclude>
    <ClInclude Include="hdr\NeuralLayer\ShapeLayer\ReshapeNeuralLayer.h">
      <Filter>Header Files\NeuralLayer\ShapeLayer</Filter>
    </ClInclude>
    <ClInclude Include="hdr\NeuralLayer\ShapeLayer\ShapeNeuralLayer.h">
      <Filter>Header Files\NeuralLayer\ShapeLayer</Filter>
    </ClInclude>
    <ClInclude Include="hdr\NeuralLayer\ShapeLayer\SqueezeNeuralLayer.h">
      <Filter>Header Files\NeuralLayer\ShapeLayer</Filter>
    </ClInclude>
    <ClInclude Include="hdr\NeuralLayer\ConvolutionLayer\Convolution1DNeuralLayer.h">
      <Filter>Header Files\NeuralLayer\ConvolutionLayer</Filter>
    </ClInclude>
    <ClInclude Include="hdr\NeuralLayer\ConvolutionLayer\Convolution2DNeuralLayer.h">
      <Filter>Header Files\NeuralLayer\ConvolutionLayer</Filter>
    </ClInclude>
    <ClInclude Include="hdr\NeuralLayer\ConvolutionLayer\Convolution3DNeuralLayer.h">
      <Filter>Header Files\NeuralLayer\ConvolutionLayer</Filter>
    </ClInclude>
    <ClInclude Include="hdr\NeuralLayer\ConvolutionLayer\ConvolutionNeuralLayer.h">
      <Filter>Header Files\NeuralLayer\ConvolutionLayer</Filter>
    </ClInclude>
    <ClInclude Include="hdr\LossFunction\CrossEntropyLossFunction.h">
      <Filter>Header Files\LossFunction</Filter>
    </ClInclude>
    <ClInclude Include="hdr\LossFunction\LossFunction.h">
      <Filter>Header Files\LossFunction</Filter>
    </ClInclude>
    <ClInclude Include="hdr\LossFunction\MeanSquareErrorLossFunction.h">
      <Filter>Header Files\LossFunction</Filter>
    </ClInclude>
    <ClInclude Include="hdr\ActivationFunction\AbsoluteReLUFunction.h">
      <Filter>Header Files\ActivationFunction</Filter>
    </ClInclude>
    <ClInclude Include="hdr\ActivationFunction\ActivationFunction.h">
      <Filter>Header Files\ActivationFunction</Filter>
    </ClInclude>
    <ClInclude Include="hdr\ActivationFunction\ActivationFunctionFactory.h">
      <Filter>Header Files\ActivationFunction</Filter>
    </ClInclude>
    <ClInclude Include="hdr\ActivationFunction\ActivationFunctionNeuralLayer.h">
      <Filter>Header Files\ActivationFunction</Filter>
    </ClInclude>
    <ClInclude Include="hdr\ActivationFunction\CReLuFunction.h">
      <Filter>Header Files\ActivationFunction</Filter>
    </ClInclude>
    <ClInclude Include="hdr\ActivationFunction\ELUFunction.h">
      <Filter>Header Files\ActivationFunction</Filter>
    </ClInclude>
    <ClInclude Include="hdr\ActivationFunction\ExponentialFunction.h">
      <Filter>Header Files\ActivationFunction</Filter>
    </ClInclude>
    <ClInclude Include="hdr\ActivationFunction\GELUFunction.h">
      <Filter>Header Files\ActivationFunction</Filter>
    </ClInclude>
    <ClInclude Include="hdr\ActivationFunction\HardSigmoidFunction.h">
      <Filter>Header Files\ActivationFunction</Filter>
    </ClInclude>
    <ClInclude Include="hdr\ActivationFunction\IdentityFunction.h">
      <Filter>Header Files\ActivationFunction</Filter>
    </ClInclude>
    <ClInclude Include="hdr\ActivationFunction\LeakyReLuFunction.h">
      <Filter>Header Files\ActivationFunction</Filter>
    </ClInclude>
    <ClInclude Include="hdr\ActivationFunction\PReLUFunction.h">
      <Filter>Header Files\ActivationFunction</Filter>
    </ClInclude>
    <ClInclude Include="hdr\ActivationFunction\QuadraticFunction.h">
      <Filter>Header Files\ActivationFunction</Filter>
    </ClInclude>
    <ClInclude Include="hdr\ActivationFunction\ReLU6Function.h">
      <Filter>Header Files\ActivationFunction</Filter>
    </ClInclude>
    <ClInclude Include="hdr\ActivationFunction\ReLUFunction.h">
      <Filter>Header Files\ActivationFunction</Filter>
    </ClInclude>
    <ClInclude Include="hdr\ActivationFunction\ReLUnFunction.h">
      <Filter>Header Files\ActivationFunction</Filter>
    </ClInclude>
    <ClInclude Include="hdr\ActivationFunction\SELUFunction.h">
      <Filter>Header Files\ActivationFunction</Filter>
    </ClInclude>
    <ClInclude Include="hdr\ActivationFunction\SigmoidFunction.h">
      <Filter>Header Files\ActivationFunction</Filter>
    </ClInclude>
    <ClInclude Include="hdr\ActivationFunction\SoftplusFunction.h">
      <Filter>Header Files\ActivationFunction</Filter>
    </ClInclude>
    <ClInclude Include="hdr\ActivationFunction\SoftsignFunction.h">
      <Filter>Header Files\ActivationFunction</Filter>
    </ClInclude>
    <ClInclude Include="hdr\ActivationFunction\SwishFunction.h">
      <Filter>Header Files\ActivationFunction</Filter>
    </ClInclude>
    <ClInclude Include="hdr\ActivationFunction\TanhFunction.h">
      <Filter>Header Files\ActivationFunction</Filter>
    </ClInclude>
  </ItemGroup>
</Project>