<?xml version="1.0" encoding="utf-8"?>
<Project ToolsVersion="4.0" xmlns="http://schemas.microsoft.com/developer/msbuild/2003">
  <ItemGroup>
    <Filter Include="Source Files">
      <UniqueIdentifier>{4FC737F1-C7A5-4376-A066-2A32D752A2FF}</UniqueIdentifier>
      <Extensions>cpp;c;cc;cxx;c++;def;odl;idl;hpj;bat;asm;asmx</Extensions>
    </Filter>
    <Filter Include="Header Files">
      <UniqueIdentifier>{93995380-89BD-4b04-88EB-625FBE52EBFB}</UniqueIdentifier>
      <Extensions>h;hh;hpp;hxx;h++;hm;inl;inc;ipp;xsd</Extensions>
    </Filter>
    <Filter Include="Resource Files">
      <UniqueIdentifier>{67DA6AB6-F800-4c08-8B7A-83BB121AAD01}</UniqueIdentifier>
      <Extensions>rc;ico;cur;bmp;dlg;rc2;rct;bin;rgs;gif;jpg;jpeg;jpe;resx;tiff;tif;png;wav;mfcribbon-ms</Extensions>
    </Filter>
    <Filter Include="Source Files\ErrorFunction">
      <UniqueIdentifier>{9c6fdaa7-b3a3-4286-ac9c-ed40fb5bba8d}</UniqueIdentifier>
    </Filter>
    <Filter Include="Source Files\ActivationFunction">
      <UniqueIdentifier>{292a4076-72cb-4655-98ac-45c13577f502}</UniqueIdentifier>
    </Filter>
    <Filter Include="Header Files\ActivationFunction">
      <UniqueIdentifier>{00e166c2-0aed-4317-916e-b1d7322592fd}</UniqueIdentifier>
    </Filter>
    <Filter Include="Header Files\ErrorFunction">
      <UniqueIdentifier>{71842a1e-ee76-4533-9dbc-721be86e27fd}</UniqueIdentifier>
    </Filter>
    <Filter Include="Source Files\imgui">
      <UniqueIdentifier>{be8b3d9f-c88c-49d4-b3ea-d25413070cc5}</UniqueIdentifier>
    </Filter>
    <Filter Include="Header Files\imgui">
      <UniqueIdentifier>{78995e6a-dd6b-425d-b8e3-4dc5517c7d75}</UniqueIdentifier>
    </Filter>
    <Filter Include="Header Files\imgui\gl3w">
      <UniqueIdentifier>{c69af12a-00d9-475d-8f09-e2abf24182a4}</UniqueIdentifier>
    </Filter>
    <Filter Include="Source Files\Visualizer">
      <UniqueIdentifier>{b285ce44-4aa4-4d01-9bd2-e8c526b8b4e9}</UniqueIdentifier>
    </Filter>
    <Filter Include="Header Files\Visualizer">
      <UniqueIdentifier>{4a59ead0-00f7-4043-aed8-15dbabf9d437}</UniqueIdentifier>
    </Filter>
    <Filter Include="NeuralLayer">
      <UniqueIdentifier>{7cbaa276-8fb7-4154-9a4c-125599373b3c}</UniqueIdentifier>
    </Filter>
    <Filter Include="Source Files\NeuralLayer">
      <UniqueIdentifier>{c7798580-57a4-4aef-855c-4af2e7c941fd}</UniqueIdentifier>
    </Filter>
  </ItemGroup>
  <ItemGroup>
    <ClCompile Include="NeuralNetwork.cpp">
      <Filter>Source Files</Filter>
    </ClCompile>
    <ClCompile Include="DotProductFunction.cpp">
      <Filter>Source Files\ActivationFunction</Filter>
    </ClCompile>
    <ClCompile Include="ReLUFunction.cpp">
      <Filter>Source Files\ActivationFunction</Filter>
    </ClCompile>
    <ClCompile Include="IdentityFunction.cpp">
      <Filter>Source Files\ActivationFunction</Filter>
    </ClCompile>
    <ClCompile Include="ParameterSet.cpp">
      <Filter>Source Files</Filter>
    </ClCompile>
    <ClCompile Include="SigmoidFunction.cpp">
      <Filter>Source Files\ActivationFunction</Filter>
    </ClCompile>
    <ClCompile Include="TanhFunction.cpp">
      <Filter>Source Files\ActivationFunction</Filter>
    </ClCompile>
    <ClCompile Include="Function.cpp">
      <Filter>Source Files\ActivationFunction</Filter>
    </ClCompile>
    <ClCompile Include="SoftplusFunction.cpp">
      <Filter>Source Files\ActivationFunction</Filter>
    </ClCompile>
    <ClCompile Include="LeakyReLUFunction.cpp">
      <Filter>Source Files\ActivationFunction</Filter>
    </ClCompile>
    <ClCompile Include="SoftmaxFunction.cpp">
      <Filter>Source Files\ActivationFunction</Filter>
    </ClCompile>
    <ClCompile Include="MSEFunction.cpp">
      <Filter>Source Files\ErrorFunction</Filter>
    </ClCompile>
    <ClCompile Include="ConvolutionFunction.cpp">
      <Filter>Source Files\ActivationFunction</Filter>
    </ClCompile>
    <ClCompile Include="imgui_impl_opengl3.cpp">
      <Filter>Source Files\imgui</Filter>
    </ClCompile>
    <ClCompile Include="imgui_impl_sdl.cpp">
      <Filter>Source Files\imgui</Filter>
    </ClCompile>
    <ClCompile Include="gl3w\GL\gl3w.c">
      <Filter>Header Files\imgui\gl3w</Filter>
    </ClCompile>
    <ClCompile Include="imgui.cpp">
      <Filter>Source Files\imgui</Filter>
    </ClCompile>
    <ClCompile Include="imgui_demo.cpp">
      <Filter>Source Files\imgui</Filter>
    </ClCompile>
    <ClCompile Include="imgui_draw.cpp">
      <Filter>Source Files\imgui</Filter>
    </ClCompile>
    <ClCompile Include="imgui_widgets.cpp">
      <Filter>Source Files\imgui</Filter>
    </ClCompile>
    <ClCompile Include="CrossEntropyFunction.cpp">
      <Filter>Source Files\ErrorFunction</Filter>
    </ClCompile>
    <ClCompile Include="NetworkVisualizer.cpp">
      <Filter>Source Files\Visualizer</Filter>
    </ClCompile>
    <ClCompile Include="ClassifierVisualizer.cpp">
      <Filter>Source Files\Visualizer</Filter>
    </ClCompile>
    <ClCompile Include="DenseNeuralLayer.cpp">
      <Filter>Source Files\NeuralLayer</Filter>
    </ClCompile>
    <ClCompile Include="InputNeuralLayer.cpp">
      <Filter>Source Files\NeuralLayer</Filter>
    </ClCompile>
    <ClCompile Include="FunctionVisualizer.cpp">
      <Filter>Source Files\Visualizer</Filter>
    </ClCompile>
    <ClCompile Include="NeuralLayer.cpp">
      <Filter>Source Files\NeuralLayer</Filter>
    </ClCompile>
    <ClCompile Include="ParametricReLUFunction.cpp">
      <Filter>Source Files\ActivationFunction</Filter>
    </ClCompile>
    <ClCompile Include="AbsoluteReLUFunction.cpp">
      <Filter>Source Files\ActivationFunction</Filter>
    </ClCompile>
  </ItemGroup>
  <ItemGroup>
    <ClInclude Include="NeuralNetwork.h">
      <Filter>Header Files</Filter>
    </ClInclude>
    <ClInclude Include="Function.h">
      <Filter>Header Files\ActivationFunction</Filter>
    </ClInclude>
    <ClInclude Include="DotProductFunction.h">
      <Filter>Header Files\ActivationFunction</Filter>
    </ClInclude>
    <ClInclude Include="ReLUFunction.h">
      <Filter>Header Files\ActivationFunction</Filter>
    </ClInclude>
    <ClInclude Include="IdentityFunction.h">
      <Filter>Header Files\ActivationFunction</Filter>
    </ClInclude>
    <ClInclude Include="SigmoidFunction.h">
      <Filter>Header Files\ActivationFunction</Filter>
    </ClInclude>
    <ClInclude Include="TanhFunction.h">
      <Filter>Header Files\ActivationFunction</Filter>
    </ClInclude>
    <ClInclude Include="SoftplusFunction.h">
      <Filter>Header Files\ActivationFunction</Filter>
    </ClInclude>
    <ClInclude Include="LeakyReLUFunction.h">
      <Filter>Header Files\ActivationFunction</Filter>
    </ClInclude>
    <ClInclude Include="SoftmaxFunction.h">
      <Filter>Header Files\ActivationFunction</Filter>
    </ClInclude>
    <ClInclude Include="ErrorFunction.h">
      <Filter>Header Files\ErrorFunction</Filter>
    </ClInclude>
    <ClInclude Include="MSEFunction.h">
      <Filter>Header Files\ErrorFunction</Filter>
    </ClInclude>
    <ClInclude Include="ParameterSet.h">
      <Filter>Header Files</Filter>
    </ClInclude>
    <ClInclude Include="ConvolutionFunction.h">
      <Filter>Header Files\ActivationFunction</Filter>
    </ClInclude>
    <ClInclude Include="imgui_impl_opengl3.h">
      <Filter>Header Files\imgui</Filter>
    </ClInclude>
    <ClInclude Include="imgui_impl_sdl.h">
      <Filter>Header Files\imgui</Filter>
    </ClInclude>
    <ClInclude Include="gl3w\GL\gl3w.h">
      <Filter>Header Files\imgui\gl3w</Filter>
    </ClInclude>
    <ClInclude Include="gl3w\GL\glcorearb.h">
      <Filter>Header Files\imgui\gl3w</Filter>
    </ClInclude>
    <ClInclude Include="imgui.h">
      <Filter>Header Files\imgui</Filter>
    </ClInclude>
    <ClInclude Include="imconfig.h">
      <Filter>Header Files\imgui</Filter>
    </ClInclude>
    <ClInclude Include="imgui_internal.h">
      <Filter>Header Files\imgui</Filter>
    </ClInclude>
    <ClInclude Include="imstb_textedit.h">
      <Filter>Header Files\imgui</Filter>
    </ClInclude>
    <ClInclude Include="imstb_rectpack.h">
      <Filter>Header Files\imgui</Filter>
    </ClInclude>
    <ClInclude Include="imstb_truetype.h">
      <Filter>Header Files\imgui</Filter>
    </ClInclude>
    <ClInclude Include="CrossEntropyFunction.h">
      <Filter>Header Files\ErrorFunction</Filter>
    </ClInclude>
    <ClInclude Include="NetworkVisualizer.h">
      <Filter>Header Files\Visualizer</Filter>
    </ClInclude>
    <ClInclude Include="ClassifierVisualizer.h">
      <Filter>Header Files\Visualizer</Filter>
    </ClInclude>
    <ClInclude Include="DenseNeuralLayer.h">
      <Filter>NeuralLayer</Filter>
    </ClInclude>
    <ClInclude Include="NeuralLayer.h">
      <Filter>NeuralLayer</Filter>
    </ClInclude>
    <ClInclude Include="InputNeuralLayer.h">
      <Filter>NeuralLayer</Filter>
    </ClInclude>
    <ClInclude Include="FunctionVisualizer.h">
      <Filter>Header Files\Visualizer</Filter>
    </ClInclude>
    <ClInclude Include="AbsoluteReLUFunction.h">
      <Filter>Header Files\ActivationFunction</Filter>
    </ClInclude>
    <ClInclude Include="ParametricReLUFunction.h">
      <Filter>Header Files\ActivationFunction</Filter>
    </ClInclude>
  </ItemGroup>
  <ItemGroup>
    <Image Include="SuccessVisualStudioWindows.jpg">
      <Filter>Resource Files</Filter>
    </Image>
  </ItemGroup>
  <ItemGroup>
    <CopyFileToFolders Include="SDL2.dll" />
  </ItemGroup>
  <ItemGroup>
    <Library Include="openblas.lib" />
  </ItemGroup>
</Project>