<?xml version="1.0" encoding="utf-8"?>
<Project ToolsVersion="4.0" xmlns="http://schemas.microsoft.com/developer/msbuild/2003">
  <ItemGroup>
    <Filter Include="Source Files">
      <UniqueIdentifier>{4FC737F1-C7A5-4376-A066-2A32D752A2FF}</UniqueIdentifier>
      <Extensions>cpp;c;cc;cxx;c++;def;odl;idl;hpj;bat;asm;asmx</Extensions>
    </Filter>
    <Filter Include="Header Files">
      <UniqueIdentifier>{93995380-89BD-4b04-88EB-625FBE52EBFB}</UniqueIdentifier>
      <Extensions>h;hh;hpp;hxx;h++;hm;inl;inc;ipp;xsd</Extensions>
    </Filter>
    <Filter Include="Resource Files">
      <UniqueIdentifier>{67DA6AB6-F800-4c08-8B7A-83BB121AAD01}</UniqueIdentifier>
      <Extensions>rc;ico;cur;bmp;dlg;rc2;rct;bin;rgs;gif;jpg;jpeg;jpe;resx;tiff;tif;png;wav;mfcribbon-ms</Extensions>
    </Filter>
    <Filter Include="Source Files\ErrorFunction">
      <UniqueIdentifier>{9c6fdaa7-b3a3-4286-ac9c-ed40fb5bba8d}</UniqueIdentifier>
    </Filter>
    <Filter Include="Source Files\ActivationFunction">
      <UniqueIdentifier>{292a4076-72cb-4655-98ac-45c13577f502}</UniqueIdentifier>
    </Filter>
    <Filter Include="Header Files\ActivationFunction">
      <UniqueIdentifier>{00e166c2-0aed-4317-916e-b1d7322592fd}</UniqueIdentifier>
    </Filter>
    <Filter Include="Header Files\ErrorFunction">
      <UniqueIdentifier>{71842a1e-ee76-4533-9dbc-721be86e27fd}</UniqueIdentifier>
    </Filter>
  </ItemGroup>
  <ItemGroup>
    <ClCompile Include="NeuralNetwork.cpp">
      <Filter>Source Files</Filter>
    </ClCompile>
    <ClCompile Include="Neuron.cpp">
      <Filter>Source Files</Filter>
    </ClCompile>
    <ClCompile Include="DotProductFunction.cpp">
      <Filter>Source Files\ActivationFunction</Filter>
    </ClCompile>
    <ClCompile Include="ReLUFunction.cpp">
      <Filter>Source Files\ActivationFunction</Filter>
    </ClCompile>
    <ClCompile Include="IdentityFunction.cpp">
      <Filter>Source Files\ActivationFunction</Filter>
    </ClCompile>
    <ClCompile Include="ParameterSet.cpp">
      <Filter>Source Files</Filter>
    </ClCompile>
    <ClCompile Include="SigmoidFunction.cpp">
      <Filter>Source Files\ActivationFunction</Filter>
    </ClCompile>
    <ClCompile Include="TanhFunction.cpp">
      <Filter>Source Files\ActivationFunction</Filter>
    </ClCompile>
    <ClCompile Include="Function.cpp">
      <Filter>Source Files\ActivationFunction</Filter>
    </ClCompile>
    <ClCompile Include="SoftplusFunction.cpp">
      <Filter>Source Files\ActivationFunction</Filter>
    </ClCompile>
    <ClCompile Include="LeakyReLUFunction.cpp">
      <Filter>Source Files\ActivationFunction</Filter>
    </ClCompile>
    <ClCompile Include="SoftmaxFunction.cpp">
      <Filter>Source Files\ActivationFunction</Filter>
    </ClCompile>
    <ClCompile Include="MSEFunction.cpp">
      <Filter>Source Files\ErrorFunction</Filter>
    </ClCompile>
    <ClCompile Include="ConvolutionFunction.cpp">
      <Filter>Source Files\ActivationFunction</Filter>
    </ClCompile>
    <ClCompile Include="NetworkVisualizer.cpp">
      <Filter>Source Files</Filter>
    </ClCompile>
  </ItemGroup>
  <ItemGroup>
    <ClInclude Include="NeuralNetwork.h">
      <Filter>Header Files</Filter>
    </ClInclude>
    <ClInclude Include="Neuron.h">
      <Filter>Header Files</Filter>
    </ClInclude>
    <ClInclude Include="Function.h">
      <Filter>Header Files\ActivationFunction</Filter>
    </ClInclude>
    <ClInclude Include="DotProductFunction.h">
      <Filter>Header Files\ActivationFunction</Filter>
    </ClInclude>
    <ClInclude Include="DrawingCanvas.h">
      <Filter>Header Files</Filter>
    </ClInclude>
    <ClInclude Include="ReLUFunction.h">
      <Filter>Header Files\ActivationFunction</Filter>
    </ClInclude>
    <ClInclude Include="IdentityFunction.h">
      <Filter>Header Files\ActivationFunction</Filter>
    </ClInclude>
    <ClInclude Include="SigmoidFunction.h">
      <Filter>Header Files\ActivationFunction</Filter>
    </ClInclude>
    <ClInclude Include="TanhFunction.h">
      <Filter>Header Files\ActivationFunction</Filter>
    </ClInclude>
    <ClInclude Include="SoftplusFunction.h">
      <Filter>Header Files\ActivationFunction</Filter>
    </ClInclude>
    <ClInclude Include="LeakyReLUFunction.h">
      <Filter>Header Files\ActivationFunction</Filter>
    </ClInclude>
    <ClInclude Include="SoftmaxFunction.h">
      <Filter>Header Files\ActivationFunction</Filter>
    </ClInclude>
    <ClInclude Include="ErrorFunction.h">
      <Filter>Header Files\ErrorFunction</Filter>
    </ClInclude>
    <ClInclude Include="MSEFunction.h">
      <Filter>Header Files\ErrorFunction</Filter>
    </ClInclude>
    <ClInclude Include="ParameterSet.h">
      <Filter>Header Files</Filter>
    </ClInclude>
    <ClInclude Include="ConvolutionFunction.h">
      <Filter>Header Files\ActivationFunction</Filter>
    </ClInclude>
    <ClInclude Include="NetworkVisualizer.h">
      <Filter>Header Files</Filter>
    </ClInclude>
  </ItemGroup>
  <ItemGroup>
    <Image Include="SuccessVisualStudioWindows.jpg">
      <Filter>Resource Files</Filter>
    </Image>
  </ItemGroup>
</Project>