<?xml version="1.0" encoding="utf-8"?>
<Project ToolsVersion="4.0" xmlns="http://schemas.microsoft.com/developer/msbuild/2003">
  <ItemGroup>
    <Filter Include="Source Files">
      <UniqueIdentifier>{4FC737F1-C7A5-4376-A066-2A32D752A2FF}</UniqueIdentifier>
      <Extensions>cpp;c;cc;cxx;c++;cppm;ixx;def;odl;idl;hpj;bat;asm;asmx</Extensions>
    </Filter>
    <Filter Include="Header Files">
      <UniqueIdentifier>{93995380-89BD-4b04-88EB-625FBE52EBFB}</UniqueIdentifier>
      <Extensions>h;hh;hpp;hxx;h++;hm;inl;inc;ipp;xsd</Extensions>
    </Filter>
    <Filter Include="Resource Files">
      <UniqueIdentifier>{67DA6AB6-F800-4c08-8B7A-83BB121AAD01}</UniqueIdentifier>
      <Extensions>rc;ico;cur;bmp;dlg;rc2;rct;bin;rgs;gif;jpg;jpeg;jpe;resx;tiff;tif;png;wav;mfcribbon-ms</Extensions>
    </Filter>
    <Filter Include="Header Files\Test">
      <UniqueIdentifier>{5d023732-77ae-4fc5-86e8-27d1a46933cd}</UniqueIdentifier>
    </Filter>
    <Filter Include="Header Files\Dataset">
      <UniqueIdentifier>{071a8848-7304-4f8f-8420-e14e95e87395}</UniqueIdentifier>
    </Filter>
    <Filter Include="Source Files\Test">
      <UniqueIdentifier>{b2c64e19-eb48-4a2a-8068-fa97af26510d}</UniqueIdentifier>
    </Filter>
    <Filter Include="Resource Files\Data Files">
      <UniqueIdentifier>{3482b123-6934-45e3-adb3-b88a76377436}</UniqueIdentifier>
    </Filter>
  </ItemGroup>
  <ItemGroup>
    <ClCompile Include="src\TestApplication.cpp">
      <Filter>Source Files</Filter>
    </ClCompile>
    <ClCompile Include="src\Test\CatDogTests.cpp">
      <Filter>Source Files\Test</Filter>
    </ClCompile>
    <ClCompile Include="src\Test\CVTests.cpp">
      <Filter>Source Files\Test</Filter>
    </ClCompile>
    <ClCompile Include="src\Test\IrisTests.cpp">
      <Filter>Source Files\Test</Filter>
    </ClCompile>
    <ClCompile Include="src\Test\MNISTTests.cpp">
      <Filter>Source Files\Test</Filter>
    </ClCompile>
    <ClCompile Include="src\Test\SignalTests.cpp">
      <Filter>Source Files\Test</Filter>
    </ClCompile>
  </ItemGroup>
  <ItemGroup>
    <ClInclude Include="hdr\TestApplication.h">
      <Filter>Header Files</Filter>
    </ClInclude>
    <ClInclude Include="hdr\Test\Tests.h">
      <Filter>Header Files\Test</Filter>
    </ClInclude>
    <ClInclude Include="hdr\Dataset\CatDogDataset.h">
      <Filter>Header Files\Dataset</Filter>
    </ClInclude>
    <ClInclude Include="hdr\Dataset\IrisDataset.h">
      <Filter>Header Files\Dataset</Filter>
    </ClInclude>
    <ClInclude Include="hdr\Dataset\MNISTDataset.h">
      <Filter>Header Files\Dataset</Filter>
    </ClInclude>
  </ItemGroup>
  <ItemGroup>
    <None Include="imgui.ini">
      <Filter>Resource Files</Filter>
    </None>
    <None Include="data\binary_maker.py">
      <Filter>Resource Files\Data Files</Filter>
    </None>
    <None Include="data\iris.dat">
      <Filter>Resource Files\Data Files</Filter>
    </None>
    <None Include="data\mnist_binary.csv">
      <Filter>Resource Files\Data Files</Filter>
    </None>
    <None Include="data\mnist_dev.csv">
      <Filter>Resource Files\Data Files</Filter>
    </None>
    <None Include="data\mnist_fashion_test.csv">
      <Filter>Resource Files\Data Files</Filter>
    </None>
    <None Include="data\mnist_fashion_train_1.csv">
      <Filter>Resource Files\Data Files</Filter>
    </None>
    <None Include="data\mnist_fashion_train_2.csv">
      <Filter>Resource Files\Data Files</Filter>
    </None>
    <None Include="data\mnist_mini.csv">
      <Filter>Resource Files\Data Files</Filter>
    </None>
    <None Include="data\mnist_test.csv">
      <Filter>Resource Files\Data Files</Filter>
    </None>
    <None Include="data\mnist_train.csv">
      <Filter>Resource Files\Data Files</Filter>
    </None>
    <None Include="data\padding_test.py">
      <Filter>Resource Files\Data Files</Filter>
    </None>
    <None Include="data\pooling_test.py">
      <Filter>Resource Files\Data Files</Filter>
    </None>
  </ItemGroup>
</Project>